// !$*UTF8*$!
{
	archiveVersion = 1;
	classes = {
	};
	objectVersion = 46;
	objects = {

/* Begin PBXBuildFile section */
		286DD3201B01514B003A9C21 /* AppDelegate.swift in Sources */ = {isa = PBXBuildFile; fileRef = 286DD31F1B01514B003A9C21 /* AppDelegate.swift */; };
		286DD3221B01514B003A9C21 /* ViewController.swift in Sources */ = {isa = PBXBuildFile; fileRef = 286DD3211B01514B003A9C21 /* ViewController.swift */; };
		286DD3271B01514B003A9C21 /* Images.xcassets in Resources */ = {isa = PBXBuildFile; fileRef = 286DD3261B01514B003A9C21 /* Images.xcassets */; };
		286DD32A1B01514B003A9C21 /* LaunchScreen.xib in Resources */ = {isa = PBXBuildFile; fileRef = 286DD3281B01514B003A9C21 /* LaunchScreen.xib */; };
		286DD3361B01514B003A9C21 /* MocksTests.swift in Sources */ = {isa = PBXBuildFile; fileRef = 286DD3351B01514B003A9C21 /* MocksTests.swift */; };
/* End PBXBuildFile section */

/* Begin PBXContainerItemProxy section */
		286DD3301B01514B003A9C21 /* PBXContainerItemProxy */ = {
			isa = PBXContainerItemProxy;
			containerPortal = 286DD3121B01514B003A9C21 /* Project object */;
			proxyType = 1;
			remoteGlobalIDString = 286DD3191B01514B003A9C21;
			remoteInfo = Mocks;
		};
/* End PBXContainerItemProxy section */

/* Begin PBXFileReference section */
		286DD31A1B01514B003A9C21 /* Mocks.app */ = {isa = PBXFileReference; explicitFileType = wrapper.application; includeInIndex = 0; path = Mocks.app; sourceTree = BUILT_PRODUCTS_DIR; };
		286DD31E1B01514B003A9C21 /* Info.plist */ = {isa = PBXFileReference; lastKnownFileType = text.plist.xml; path = Info.plist; sourceTree = "<group>"; };
		286DD31F1B01514B003A9C21 /* AppDelegate.swift */ = {isa = PBXFileReference; lastKnownFileType = sourcecode.swift; path = AppDelegate.swift; sourceTree = "<group>"; };
		286DD3211B01514B003A9C21 /* ViewController.swift */ = {isa = PBXFileReference; lastKnownFileType = sourcecode.swift; path = ViewController.swift; sourceTree = "<group>"; };
		286DD3261B01514B003A9C21 /* Images.xcassets */ = {isa = PBXFileReference; lastKnownFileType = folder.assetcatalog; path = Images.xcassets; sourceTree = "<group>"; };
		286DD3291B01514B003A9C21 /* Base */ = {isa = PBXFileReference; lastKnownFileType = file.xib; name = Base; path = Base.lproj/LaunchScreen.xib; sourceTree = "<group>"; };
		286DD32F1B01514B003A9C21 /* MocksTests.xctest */ = {isa = PBXFileReference; explicitFileType = wrapper.cfbundle; includeInIndex = 0; path = MocksTests.xctest; sourceTree = BUILT_PRODUCTS_DIR; };
		286DD3341B01514B003A9C21 /* Info.plist */ = {isa = PBXFileReference; lastKnownFileType = text.plist.xml; path = Info.plist; sourceTree = "<group>"; };
		286DD3351B01514B003A9C21 /* MocksTests.swift */ = {isa = PBXFileReference; lastKnownFileType = sourcecode.swift; path = MocksTests.swift; sourceTree = "<group>"; };
/* End PBXFileReference section */

/* Begin PBXFrameworksBuildPhase section */
		286DD3171B01514B003A9C21 /* Frameworks */ = {
			isa = PBXFrameworksBuildPhase;
			buildActionMask = 2147483647;
			files = (
			);
			runOnlyForDeploymentPostprocessing = 0;
		};
		286DD32C1B01514B003A9C21 /* Frameworks */ = {
			isa = PBXFrameworksBuildPhase;
			buildActionMask = 2147483647;
			files = (
			);
			runOnlyForDeploymentPostprocessing = 0;
		};
/* End PBXFrameworksBuildPhase section */

/* Begin PBXGroup section */
		286DD3111B01514B003A9C21 = {
			isa = PBXGroup;
			children = (
				286DD31C1B01514B003A9C21 /* Mocks */,
				286DD3321B01514B003A9C21 /* MocksTests */,
				286DD31B1B01514B003A9C21 /* Products */,
			);
			sourceTree = "<group>";
		};
		286DD31B1B01514B003A9C21 /* Products */ = {
			isa = PBXGroup;
			children = (
				286DD31A1B01514B003A9C21 /* Mocks.app */,
				286DD32F1B01514B003A9C21 /* MocksTests.xctest */,
			);
			name = Products;
			sourceTree = "<group>";
		};
		286DD31C1B01514B003A9C21 /* Mocks */ = {
			isa = PBXGroup;
			children = (
				286DD31F1B01514B003A9C21 /* AppDelegate.swift */,
				286DD3211B01514B003A9C21 /* ViewController.swift */,
				286DD3261B01514B003A9C21 /* Images.xcassets */,
				286DD3281B01514B003A9C21 /* LaunchScreen.xib */,
				286DD31D1B01514B003A9C21 /* Supporting Files */,
			);
			path = Mocks;
			sourceTree = "<group>";
		};
		286DD31D1B01514B003A9C21 /* Supporting Files */ = {
			isa = PBXGroup;
			children = (
				286DD31E1B01514B003A9C21 /* Info.plist */,
			);
			name = "Supporting Files";
			sourceTree = "<group>";
		};
		286DD3321B01514B003A9C21 /* MocksTests */ = {
			isa = PBXGroup;
			children = (
				286DD3351B01514B003A9C21 /* MocksTests.swift */,
				286DD3331B01514B003A9C21 /* Supporting Files */,
			);
			path = MocksTests;
			sourceTree = "<group>";
		};
		286DD3331B01514B003A9C21 /* Supporting Files */ = {
			isa = PBXGroup;
			children = (
				286DD3341B01514B003A9C21 /* Info.plist */,
			);
			name = "Supporting Files";
			sourceTree = "<group>";
		};
/* End PBXGroup section */

/* Begin PBXNativeTarget section */
		286DD3191B01514B003A9C21 /* Mocks */ = {
			isa = PBXNativeTarget;
			buildConfigurationList = 286DD3391B01514B003A9C21 /* Build configuration list for PBXNativeTarget "Mocks" */;
			buildPhases = (
				286DD3161B01514B003A9C21 /* Sources */,
				286DD3171B01514B003A9C21 /* Frameworks */,
				286DD3181B01514B003A9C21 /* Resources */,
			);
			buildRules = (
			);
			dependencies = (
			);
			name = Mocks;
			productName = Mocks;
			productReference = 286DD31A1B01514B003A9C21 /* Mocks.app */;
			productType = "com.apple.product-type.application";
		};
		286DD32E1B01514B003A9C21 /* MocksTests */ = {
			isa = PBXNativeTarget;
			buildConfigurationList = 286DD33C1B01514B003A9C21 /* Build configuration list for PBXNativeTarget "MocksTests" */;
			buildPhases = (
				286DD32B1B01514B003A9C21 /* Sources */,
				286DD32C1B01514B003A9C21 /* Frameworks */,
				286DD32D1B01514B003A9C21 /* Resources */,
			);
			buildRules = (
			);
			dependencies = (
				286DD3311B01514B003A9C21 /* PBXTargetDependency */,
			);
			name = MocksTests;
			productName = MocksTests;
			productReference = 286DD32F1B01514B003A9C21 /* MocksTests.xctest */;
			productType = "com.apple.product-type.bundle.unit-test";
		};
/* End PBXNativeTarget section */

/* Begin PBXProject section */
		286DD3121B01514B003A9C21 /* Project object */ = {
			isa = PBXProject;
			attributes = {
				LastUpgradeCheck = 0630;
				ORGANIZATIONNAME = ButlerAndrew;
				TargetAttributes = {
					286DD3191B01514B003A9C21 = {
						CreatedOnToolsVersion = 6.3.1;
					};
					286DD32E1B01514B003A9C21 = {
						CreatedOnToolsVersion = 6.3.1;
						TestTargetID = 286DD3191B01514B003A9C21;
					};
				};
			};
			buildConfigurationList = 286DD3151B01514B003A9C21 /* Build configuration list for PBXProject "Mocks" */;
			compatibilityVersion = "Xcode 3.2";
			developmentRegion = English;
			hasScannedForEncodings = 0;
			knownRegions = (
				en,
				Base,
			);
			mainGroup = 286DD3111B01514B003A9C21;
			productRefGroup = 286DD31B1B01514B003A9C21 /* Products */;
			projectDirPath = "";
			projectRoot = "";
			targets = (
				286DD3191B01514B003A9C21 /* Mocks */,
				286DD32E1B01514B003A9C21 /* MocksTests */,
			);
		};
/* End PBXProject section */

/* Begin PBXResourcesBuildPhase section */
		286DD3181B01514B003A9C21 /* Resources */ = {
			isa = PBXResourcesBuildPhase;
			buildActionMask = 2147483647;
			files = (
				286DD32A1B01514B003A9C21 /* LaunchScreen.xib in Resources */,
				286DD3271B01514B003A9C21 /* Images.xcassets in Resources */,
			);
			runOnlyForDeploymentPostprocessing = 0;
		};
		286DD32D1B01514B003A9C21 /* Resources */ = {
			isa = PBXResourcesBuildPhase;
			buildActionMask = 2147483647;
			files = (
			);
			runOnlyForDeploymentPostprocessing = 0;
		};
/* End PBXResourcesBuildPhase section */

/* Begin PBXSourcesBuildPhase section */
		286DD3161B01514B003A9C21 /* Sources */ = {
			isa = PBXSourcesBuildPhase;
			buildActionMask = 2147483647;
			files = (
				286DD3221B01514B003A9C21 /* ViewController.swift in Sources */,
				286DD3201B01514B003A9C21 /* AppDelegate.swift in Sources */,
			);
			runOnlyForDeploymentPostprocessing = 0;
		};
		286DD32B1B01514B003A9C21 /* Sources */ = {
			isa = PBXSourcesBuildPhase;
			buildActionMask = 2147483647;
			files = (
				286DD3361B01514B003A9C21 /* MocksTests.swift in Sources */,
			);
			runOnlyForDeploymentPostprocessing = 0;
		};
/* End PBXSourcesBuildPhase section */

/* Begin PBXTargetDependency section */
		286DD3311B01514B003A9C21 /* PBXTargetDependency */ = {
			isa = PBXTargetDependency;
			target = 286DD3191B01514B003A9C21 /* Mocks */;
			targetProxy = 286DD3301B01514B003A9C21 /* PBXContainerItemProxy */;
		};
/* End PBXTargetDependency section */

/* Begin PBXVariantGroup section */
		286DD3281B01514B003A9C21 /* LaunchScreen.xib */ = {
			isa = PBXVariantGroup;
			children = (
				286DD3291B01514B003A9C21 /* Base */,
			);
			name = LaunchScreen.xib;
			sourceTree = "<group>";
		};
/* End PBXVariantGroup section */

/* Begin XCBuildConfiguration section */
		286DD3371B01514B003A9C21 /* Debug */ = {
			isa = XCBuildConfiguration;
			buildSettings = {
				ALWAYS_SEARCH_USER_PATHS = NO;
				CLANG_CXX_LANGUAGE_STANDARD = "gnu++0x";
				CLANG_CXX_LIBRARY = "libc++";
				CLANG_ENABLE_MODULES = YES;
				CLANG_ENABLE_OBJC_ARC = YES;
				CLANG_WARN_BOOL_CONVERSION = YES;
				CLANG_WARN_CONSTANT_CONVERSION = YES;
				CLANG_WARN_DIRECT_OBJC_ISA_USAGE = YES_ERROR;
				CLANG_WARN_EMPTY_BODY = YES;
				CLANG_WARN_ENUM_CONVERSION = YES;
				CLANG_WARN_INT_CONVERSION = YES;
				CLANG_WARN_OBJC_ROOT_CLASS = YES_ERROR;
				CLANG_WARN_UNREACHABLE_CODE = YES;
				CLANG_WARN__DUPLICATE_METHOD_MATCH = YES;
				"CODE_SIGN_IDENTITY[sdk=iphoneos*]" = "iPhone Developer";
				COPY_PHASE_STRIP = NO;
				DEBUG_INFORMATION_FORMAT = "dwarf-with-dsym";
				ENABLE_STRICT_OBJC_MSGSEND = YES;
				GCC_C_LANGUAGE_STANDARD = gnu99;
				GCC_DYNAMIC_NO_PIC = NO;
				GCC_NO_COMMON_BLOCKS = YES;
				GCC_OPTIMIZATION_LEVEL = 0;
				GCC_PREPROCESSOR_DEFINITIONS = (
					"DEBUG=1",
					"$(inherited)",
				);
				GCC_SYMBOLS_PRIVATE_EXTERN = NO;
				GCC_WARN_64_TO_32_BIT_CONVERSION = YES;
				GCC_WARN_ABOUT_RETURN_TYPE = YES_ERROR;
				GCC_WARN_UNDECLARED_SELECTOR = YES;
				GCC_WARN_UNINITIALIZED_AUTOS = YES_AGGRESSIVE;
				GCC_WARN_UNUSED_FUNCTION = YES;
				GCC_WARN_UNUSED_VARIABLE = YES;
				IPHONEOS_DEPLOYMENT_TARGET = 8.3;
				MTL_ENABLE_DEBUG_INFO = YES;
				ONLY_ACTIVE_ARCH = YES;
				SDKROOT = iphoneos;
				SWIFT_OPTIMIZATION_LEVEL = "-Onone";
			};
			name = Debug;
		};
		286DD3381B01514B003A9C21 /* Release */ = {
			isa = XCBuildConfiguration;
			buildSettings = {
				ALWAYS_SEARCH_USER_PATHS = NO;
				CLANG_CXX_LANGUAGE_STANDARD = "gnu++0x";
				CLANG_CXX_LIBRARY = "libc++";
				CLANG_ENABLE_MODULES = YES;
				CLANG_ENABLE_OBJC_ARC = YES;
				CLANG_WARN_BOOL_CONVERSION = YES;
				CLANG_WARN_CONSTANT_CONVERSION = YES;
				CLANG_WARN_DIRECT_OBJC_ISA_USAGE = YES_ERROR;
				CLANG_WARN_EMPTY_BODY = YES;
				CLANG_WARN_ENUM_CONVERSION = YES;
				CLANG_WARN_INT_CONVERSION = YES;
				CLANG_WARN_OBJC_ROOT_CLASS = YES_ERROR;
				CLANG_WARN_UNREACHABLE_CODE = YES;
				CLANG_WARN__DUPLICATE_METHOD_MATCH = YES;
				"CODE_SIGN_IDENTITY[sdk=iphoneos*]" = "iPhone Developer";
				COPY_PHASE_STRIP = NO;
				DEBUG_INFORMATION_FORMAT = "dwarf-with-dsym";
				ENABLE_NS_ASSERTIONS = NO;
				ENABLE_STRICT_OBJC_MSGSEND = YES;
				GCC_C_LANGUAGE_STANDARD = gnu99;
				GCC_NO_COMMON_BLOCKS = YES;
				GCC_WARN_64_TO_32_BIT_CONVERSION = YES;
				GCC_WARN_ABOUT_RETURN_TYPE = YES_ERROR;
				GCC_WARN_UNDECLARED_SELECTOR = YES;
				GCC_WARN_UNINITIALIZED_AUTOS = YES_AGGRESSIVE;
				GCC_WARN_UNUSED_FUNCTION = YES;
				GCC_WARN_UNUSED_VARIABLE = YES;
				IPHONEOS_DEPLOYMENT_TARGET = 8.3;
				MTL_ENABLE_DEBUG_INFO = NO;
				SDKROOT = iphoneos;
				VALIDATE_PRODUCT = YES;
			};
			name = Release;
		};
		286DD33A1B01514B003A9C21 /* Debug */ = {
			isa = XCBuildConfiguration;
			buildSettings = {
				ASSETCATALOG_COMPILER_APPICON_NAME = AppIcon;
				INFOPLIST_FILE = Mocks/Info.plist;
				LD_RUNPATH_SEARCH_PATHS = "$(inherited) @executable_path/Frameworks";
				PRODUCT_NAME = "$(TARGET_NAME)";
			};
			name = Debug;
		};
		286DD33B1B01514B003A9C21 /* Release */ = {
			isa = XCBuildConfiguration;
			buildSettings = {
				ASSETCATALOG_COMPILER_APPICON_NAME = AppIcon;
				INFOPLIST_FILE = Mocks/Info.plist;
				LD_RUNPATH_SEARCH_PATHS = "$(inherited) @executable_path/Frameworks";
				PRODUCT_NAME = "$(TARGET_NAME)";
			};
			name = Release;
		};
		286DD33D1B01514B003A9C21 /* Debug */ = {
			isa = XCBuildConfiguration;
			buildSettings = {
				BUNDLE_LOADER = "$(TEST_HOST)";
				FRAMEWORK_SEARCH_PATHS = (
					"$(SDKROOT)/Developer/Library/Frameworks",
					"$(inherited)",
				);
				GCC_PREPROCESSOR_DEFINITIONS = (
					"DEBUG=1",
					"$(inherited)",
				);
				INFOPLIST_FILE = MocksTests/Info.plist;
				LD_RUNPATH_SEARCH_PATHS = "$(inherited) @executable_path/Frameworks @loader_path/Frameworks";
				PRODUCT_NAME = "$(TARGET_NAME)";
				TEST_HOST = "$(BUILT_PRODUCTS_DIR)/Mocks.app/Mocks";
			};
			name = Debug;
		};
		286DD33E1B01514B003A9C21 /* Release */ = {
			isa = XCBuildConfiguration;
			buildSettings = {
				BUNDLE_LOADER = "$(TEST_HOST)";
				FRAMEWORK_SEARCH_PATHS = (
					"$(SDKROOT)/Developer/Library/Frameworks",
					"$(inherited)",
				);
				INFOPLIST_FILE = MocksTests/Info.plist;
				LD_RUNPATH_SEARCH_PATHS = "$(inherited) @executable_path/Frameworks @loader_path/Frameworks";
				PRODUCT_NAME = "$(TARGET_NAME)";
				TEST_HOST = "$(BUILT_PRODUCTS_DIR)/Mocks.app/Mocks";
			};
			name = Release;
		};
/* End XCBuildConfiguration section */

/* Begin XCConfigurationList section */
		286DD3151B01514B003A9C21 /* Build configuration list for PBXProject "Mocks" */ = {
			isa = XCConfigurationList;
			buildConfigurations = (
				286DD3371B01514B003A9C21 /* Debug */,
				286DD3381B01514B003A9C21 /* Release */,
			);
			defaultConfigurationIsVisible = 0;
			defaultConfigurationName = Release;
		};
		286DD3391B01514B003A9C21 /* Build configuration list for PBXNativeTarget "Mocks" */ = {
			isa = XCConfigurationList;
			buildConfigurations = (
				286DD33A1B01514B003A9C21 /* Debug */,
				286DD33B1B01514B003A9C21 /* Release */,
			);
			defaultConfigurationIsVisible = 0;
		};
		286DD33C1B01514B003A9C21 /* Build configuration list for PBXNativeTarget "MocksTests" */ = {
			isa = XCConfigurationList;
			buildConfigurations = (
				286DD33D1B01514B003A9C21 /* Debug */,
				286DD33E1B01514B003A9C21 /* Release */,
			);
			defaultConfigurationIsVisible = 0;
		};
/* End XCConfigurationList section */
	};
	rootObject = 286DD3121B01514B003A9C21 /* Project object */;
}
